
Microsoft Visual Studio Solution File, Format Version 12.00
# Visual Studio Version 17
VisualStudioVersion = 17.6.33829.357
MinimumVisualStudioVersion = 10.0.40219.1
Project("{FAE04EC0-301F-11D3-BF4B-00C04F79EFBC}") = "Auth", "Auth.csproj", "{8BE62A6C-AF1C-46BD-AAF9-794AEBBE9529}"
EndProject
Global
	GlobalSection(SolutionConfigurationPlatforms) = preSolution
		Debug|Any CPU = Debug|Any CPU
		Release|Any CPU = Release|Any CPU
	EndGlobalSection
	GlobalSection(ProjectConfigurationPlatforms) = postSolution
		{8BE62A6C-AF1C-46BD-AAF9-794AEBBE9529}.Debug|Any CPU.ActiveCfg = Debug|Any CPU
		{8BE62A6C-AF1C-46BD-AAF9-794AEBBE9529}.Debug|Any CPU.Build.0 = Debug|Any CPU
		{8BE62A6C-AF1C-46BD-AAF9-794AEBBE9529}.Release|Any CPU.ActiveCfg = Release|Any CPU
		{8BE62A6C-AF1C-46BD-AAF9-794AEBBE9529}.Release|Any CPU.Build.0 = Release|Any CPU
	EndGlobalSection
	GlobalSection(SolutionProperties) = preSolution
		HideSolutionNode = FALSE
	EndGlobalSection
	GlobalSection(ExtensibilityGlobals) = postSolution
		SolutionGuid = {12942BF9-420A-4052-A61B-DB6A02A71B94}
	EndGlobalSection
EndGlobal
